
Microsoft Visual Studio Solution File, Format Version 12.00
# Visual Studio Version 17
VisualStudioVersion = 17.4.33103.184
MinimumVisualStudioVersion = 10.0.40219.1
Project("{9A19103F-16F7-4668-BE54-9A1E7A4F7556}") = "Cupid.Api", "Cupid.Api\Cupid.Api.csproj", "{19013BED-4132-45DA-B0C5-F5F7E733410B}"
EndProject
Project("{9A19103F-16F7-4668-BE54-9A1E7A4F7556}") = "Cupid.Models", "Cupid.Models\Cupid.Models.csproj", "{8A60CE91-10E0-4E1A-91B4-77F9AA3D5678}"
EndProject
Project("{9A19103F-16F7-4668-BE54-9A1E7A4F7556}") = "Cupid", "Cupid\Cupid.csproj", "{CAD39145-F1BC-4CA7-B7A3-C29DBC044762}"
EndProject
Global
	GlobalSection(SolutionConfigurationPlatforms) = preSolution
		Debug|Any CPU = Debug|Any CPU
		Release|Any CPU = Release|Any CPU
	EndGlobalSection
	GlobalSection(ProjectConfigurationPlatforms) = postSolution
		{19013BED-4132-45DA-B0C5-F5F7E733410B}.Debug|Any CPU.ActiveCfg = Debug|Any CPU
		{19013BED-4132-45DA-B0C5-F5F7E733410B}.Debug|Any CPU.Build.0 = Debug|Any CPU
		{19013BED-4132-45DA-B0C5-F5F7E733410B}.Release|Any CPU.ActiveCfg = Release|Any CPU
		{19013BED-4132-45DA-B0C5-F5F7E733410B}.Release|Any CPU.Build.0 = Release|Any CPU
		{8A60CE91-10E0-4E1A-91B4-77F9AA3D5678}.Debug|Any CPU.ActiveCfg = Debug|Any CPU
		{8A60CE91-10E0-4E1A-91B4-77F9AA3D5678}.Debug|Any CPU.Build.0 = Debug|Any CPU
		{8A60CE91-10E0-4E1A-91B4-77F9AA3D5678}.Release|Any CPU.ActiveCfg = Release|Any CPU
		{8A60CE91-10E0-4E1A-91B4-77F9AA3D5678}.Release|Any CPU.Build.0 = Release|Any CPU
		{CAD39145-F1BC-4CA7-B7A3-C29DBC044762}.Debug|Any CPU.ActiveCfg = Debug|Any CPU
		{CAD39145-F1BC-4CA7-B7A3-C29DBC044762}.Debug|Any CPU.Build.0 = Debug|Any CPU
		{CAD39145-F1BC-4CA7-B7A3-C29DBC044762}.Release|Any CPU.ActiveCfg = Release|Any CPU
		{CAD39145-F1BC-4CA7-B7A3-C29DBC044762}.Release|Any CPU.Build.0 = Release|Any CPU
	EndGlobalSection
	GlobalSection(SolutionProperties) = preSolution
		HideSolutionNode = FALSE
	EndGlobalSection
	GlobalSection(ExtensibilityGlobals) = postSolution
		SolutionGuid = {D633DC26-24F7-4EC0-9579-FA81FB8FFF04}
	EndGlobalSection
EndGlobal
